PODS:
  - Flutter (1.0.0)
  - nexa_http_native_ios (2.0.0):
    - Flutter

DEPENDENCIES:
  - Flutter (from `Flutter`)
  - nexa_http_native_ios (from `.symlinks/plugins/nexa_http_native_ios/ios`)

EXTERNAL SOURCES:
  Flutter:
    :path: Flutter
  nexa_http_native_ios:
    :path: ".symlinks/plugins/nexa_http_native_ios/ios"

SPEC CHECKSUMS:
  Flutter: cabc95a1d2626b1b06e7179b784ebcf0c0cde467
  nexa_http_native_ios: bc2a4e8ba9cc80717f1c8b6a356a015a51f65d66

PODFILE CHECKSUM: 3c63482e143d1b91d2d2560aee9fb04ecc74ac7e

COCOAPODS: 1.16.2
